
Microsoft Visual Studio Solution File, Format Version 12.00
# Visual Studio Version 17
VisualStudioVersion = 17.6.33829.357
MinimumVisualStudioVersion = 10.0.40219.1
Project("{FAE04EC0-301F-11D3-BF4B-00C04F79EFBC}") = "AxelCMS", "AxelCMS\AxelCMS.csproj", "{2BAA1857-C9B5-4588-9850-F058620BADB1}"
EndProject
Project("{FAE04EC0-301F-11D3-BF4B-00C04F79EFBC}") = "AxelCMS.Application", "AxelCMS.Application\AxelCMS.Application.csproj", "{B39CA1F5-8C0C-41FC-A096-D6CBBE1A39CA}"
EndProject
Project("{FAE04EC0-301F-11D3-BF4B-00C04F79EFBC}") = "AxelCMS.Persistence", "AxelCMS.Persistence\AxelCMS.Persistence.csproj", "{E9A909AC-4C73-4349-821E-0FCEAAF333F7}"
EndProject
Project("{FAE04EC0-301F-11D3-BF4B-00C04F79EFBC}") = "AxelCMS.Domain", "AxelCMS.Domain\AxelCMS.Domain.csproj", "{14DBBB41-330A-46C9-A43A-F71E65DDF6F3}"
EndProject
Project("{FAE04EC0-301F-11D3-BF4B-00C04F79EFBC}") = "AxelCMS.Common", "AxelCMS.Common\AxelCMS.Common.csproj", "{D86AE32D-F2C8-44D7-81C8-5F11348198AE}"
EndProject
Global
	GlobalSection(SolutionConfigurationPlatforms) = preSolution
		Debug|Any CPU = Debug|Any CPU
		Release|Any CPU = Release|Any CPU
	EndGlobalSection
	GlobalSection(ProjectConfigurationPlatforms) = postSolution
		{2BAA1857-C9B5-4588-9850-F058620BADB1}.Debug|Any CPU.ActiveCfg = Debug|Any CPU
		{2BAA1857-C9B5-4588-9850-F058620BADB1}.Debug|Any CPU.Build.0 = Debug|Any CPU
		{2BAA1857-C9B5-4588-9850-F058620BADB1}.Release|Any CPU.ActiveCfg = Release|Any CPU
		{2BAA1857-C9B5-4588-9850-F058620BADB1}.Release|Any CPU.Build.0 = Release|Any CPU
		{B39CA1F5-8C0C-41FC-A096-D6CBBE1A39CA}.Debug|Any CPU.ActiveCfg = Debug|Any CPU
		{B39CA1F5-8C0C-41FC-A096-D6CBBE1A39CA}.Debug|Any CPU.Build.0 = Debug|Any CPU
		{B39CA1F5-8C0C-41FC-A096-D6CBBE1A39CA}.Release|Any CPU.ActiveCfg = Release|Any CPU
		{B39CA1F5-8C0C-41FC-A096-D6CBBE1A39CA}.Release|Any CPU.Build.0 = Release|Any CPU
		{E9A909AC-4C73-4349-821E-0FCEAAF333F7}.Debug|Any CPU.ActiveCfg = Debug|Any CPU
		{E9A909AC-4C73-4349-821E-0FCEAAF333F7}.Debug|Any CPU.Build.0 = Debug|Any CPU
		{E9A909AC-4C73-4349-821E-0FCEAAF333F7}.Release|Any CPU.ActiveCfg = Release|Any CPU
		{E9A909AC-4C73-4349-821E-0FCEAAF333F7}.Release|Any CPU.Build.0 = Release|Any CPU
		{14DBBB41-330A-46C9-A43A-F71E65DDF6F3}.Debug|Any CPU.ActiveCfg = Debug|Any CPU
		{14DBBB41-330A-46C9-A43A-F71E65DDF6F3}.Debug|Any CPU.Build.0 = Debug|Any CPU
		{14DBBB41-330A-46C9-A43A-F71E65DDF6F3}.Release|Any CPU.ActiveCfg = Release|Any CPU
		{14DBBB41-330A-46C9-A43A-F71E65DDF6F3}.Release|Any CPU.Build.0 = Release|Any CPU
		{D86AE32D-F2C8-44D7-81C8-5F11348198AE}.Debug|Any CPU.ActiveCfg = Debug|Any CPU
		{D86AE32D-F2C8-44D7-81C8-5F11348198AE}.Debug|Any CPU.Build.0 = Debug|Any CPU
		{D86AE32D-F2C8-44D7-81C8-5F11348198AE}.Release|Any CPU.ActiveCfg = Release|Any CPU
		{D86AE32D-F2C8-44D7-81C8-5F11348198AE}.Release|Any CPU.Build.0 = Release|Any CPU
	EndGlobalSection
	GlobalSection(SolutionProperties) = preSolution
		HideSolutionNode = FALSE
	EndGlobalSection
	GlobalSection(ExtensibilityGlobals) = postSolution
		SolutionGuid = {2A051464-A85C-4B42-A00F-A8677C52C6F8}
	EndGlobalSection
EndGlobal
